// !$*UTF8*$!
{
	archiveVersion = 1;
	classes = {
	};
	objectVersion = 56;
	objects = {

/* Begin PBXBuildFile section */
		90A8DD855F12DDA350AC13E7 /* libPods-OCProject.a in Frameworks */ = {isa = PBXBuildFile; fileRef = 6FD993247E48B3E80D3859B1 /* libPods-OCProject.a */; };
		F86871FB2B1D6641007E747F /* TestViewController.m in Sources */ = {isa = PBXBuildFile; fileRef = F86871FA2B1D6641007E747F /* TestViewController.m */; };
		F86871FF2B1D798D007E747F /* TPBaseTableViewCell.m in Sources */ = {isa = PBXBuildFile; fileRef = F86871FE2B1D798D007E747F /* TPBaseTableViewCell.m */; };
		F86872022B1D79C5007E747F /* TestTableViewCell.m in Sources */ = {isa = PBXBuildFile; fileRef = F86872012B1D79C5007E747F /* TestTableViewCell.m */; };
		F86872082B1DA1B2007E747F /* UIViewController+Category.m in Sources */ = {isa = PBXBuildFile; fileRef = F86872072B1DA1B2007E747F /* UIViewController+Category.m */; };
		F86E501E2B22F31B00B00781 /* TPRouter+Class.m in Sources */ = {isa = PBXBuildFile; fileRef = F86E501D2B22F31B00B00781 /* TPRouter+Class.m */; };
		F86E505D2B230E3700B00781 /* UINavigationController+FDFullscreenPopGesture.m in Sources */ = {isa = PBXBuildFile; fileRef = F86E505B2B230E3700B00781 /* UINavigationController+FDFullscreenPopGesture.m */; };
		F8AF95412B1EB3DB003059CB /* TPBaseViewController.m in Sources */ = {isa = PBXBuildFile; fileRef = F8AF95402B1EB3DB003059CB /* TPBaseViewController.m */; };
		F8AF95442B1EB407003059CB /* TPBaseNavigationController.m in Sources */ = {isa = PBXBuildFile; fileRef = F8AF95432B1EB407003059CB /* TPBaseNavigationController.m */; };
		F8AF95472B1EB457003059CB /* TPBaseTabBarController.m in Sources */ = {isa = PBXBuildFile; fileRef = F8AF95462B1EB457003059CB /* TPBaseTabBarController.m */; };
		F8AF954B2B1EBA3C003059CB /* UIColor+Category.m in Sources */ = {isa = PBXBuildFile; fileRef = F8AF954A2B1EBA3C003059CB /* UIColor+Category.m */; };
		F8AF954E2B1EBC68003059CB /* UIFont+Category.m in Sources */ = {isa = PBXBuildFile; fileRef = F8AF954D2B1EBC68003059CB /* UIFont+Category.m */; };
		F8AF95512B1EBC73003059CB /* UIImage+Category.m in Sources */ = {isa = PBXBuildFile; fileRef = F8AF95502B1EBC73003059CB /* UIImage+Category.m */; };
		F8AF95542B1EBF7C003059CB /* TPTabBarController.m in Sources */ = {isa = PBXBuildFile; fileRef = F8AF95532B1EBF7C003059CB /* TPTabBarController.m */; };
		F8AF955C2B1EF40A003059CB /* TPHomeViewController.m in Sources */ = {isa = PBXBuildFile; fileRef = F8AF955B2B1EF40A003059CB /* TPHomeViewController.m */; };
		F8AF95602B1EFECE003059CB /* TPNetworkError.m in Sources */ = {isa = PBXBuildFile; fileRef = F8AF955F2B1EFECE003059CB /* TPNetworkError.m */; };
		F8AF95632B1F04D2003059CB /* TPNetworkCache.m in Sources */ = {isa = PBXBuildFile; fileRef = F8AF95622B1F04D2003059CB /* TPNetworkCache.m */; };
		F8AF95662B1F053F003059CB /* TPNetworkManager.m in Sources */ = {isa = PBXBuildFile; fileRef = F8AF95652B1F053F003059CB /* TPNetworkManager.m */; };
		F8AF956A2B1F1D07003059CB /* TPMineViewController.m in Sources */ = {isa = PBXBuildFile; fileRef = F8AF95692B1F1D07003059CB /* TPMineViewController.m */; };
		F8AF956E2B1F3BFF003059CB /* TPWebViewController.m in Sources */ = {isa = PBXBuildFile; fileRef = F8AF956D2B1F3BFF003059CB /* TPWebViewController.m */; };
		F8D343182B201E94004AEE48 /* TPBaseSettings.m in Sources */ = {isa = PBXBuildFile; fileRef = F8D343172B201E94004AEE48 /* TPBaseSettings.m */; };
		F8D3431B2B203ED0004AEE48 /* TPSettingLocation.m in Sources */ = {isa = PBXBuildFile; fileRef = F8D3431A2B203ED0004AEE48 /* TPSettingLocation.m */; };
		F8D343242B20682D004AEE48 /* TPNetworkManager+Envi.m in Sources */ = {isa = PBXBuildFile; fileRef = F8D343232B20682D004AEE48 /* TPNetworkManager+Envi.m */; };
		F8D343272B20686C004AEE48 /* TPEnviConfig.m in Sources */ = {isa = PBXBuildFile; fileRef = F8D343262B20686C004AEE48 /* TPEnviConfig.m */; };
		F8EAC7EC2B173504005522DE /* AppDelegate.m in Sources */ = {isa = PBXBuildFile; fileRef = F8EAC7EB2B173504005522DE /* AppDelegate.m */; };
		F8EAC7EF2B173504005522DE /* SceneDelegate.m in Sources */ = {isa = PBXBuildFile; fileRef = F8EAC7EE2B173504005522DE /* SceneDelegate.m */; };
		F8EAC7F52B173504005522DE /* Main.storyboard in Resources */ = {isa = PBXBuildFile; fileRef = F8EAC7F32B173504005522DE /* Main.storyboard */; };
		F8EAC7F72B173504005522DE /* Assets.xcassets in Resources */ = {isa = PBXBuildFile; fileRef = F8EAC7F62B173504005522DE /* Assets.xcassets */; };
		F8EAC7FA2B173504005522DE /* LaunchScreen.storyboard in Resources */ = {isa = PBXBuildFile; fileRef = F8EAC7F82B173504005522DE /* LaunchScreen.storyboard */; };
		F8EAC7FD2B173504005522DE /* main.m in Sources */ = {isa = PBXBuildFile; fileRef = F8EAC7FC2B173504005522DE /* main.m */; };
		F8EAC8072B173504005522DE /* OCProjectTests.m in Sources */ = {isa = PBXBuildFile; fileRef = F8EAC8062B173504005522DE /* OCProjectTests.m */; };
		F8EAC8112B173504005522DE /* OCProjectUITests.m in Sources */ = {isa = PBXBuildFile; fileRef = F8EAC8102B173504005522DE /* OCProjectUITests.m */; };
		F8EAC8132B173504005522DE /* OCProjectUITestsLaunchTests.m in Sources */ = {isa = PBXBuildFile; fileRef = F8EAC8122B173504005522DE /* OCProjectUITestsLaunchTests.m */; };
		F8EAC8222B173523005522DE /* TPMediator.m in Sources */ = {isa = PBXBuildFile; fileRef = F8EAC8202B173523005522DE /* TPMediator.m */; };
		F8EAC8282B1735D5005522DE /* TPRouter.m in Sources */ = {isa = PBXBuildFile; fileRef = F8EAC8272B1735D5005522DE /* TPRouter.m */; };
		F8F4037D2B21B614008653CB /* TPDebugTool.m in Sources */ = {isa = PBXBuildFile; fileRef = F8F4037C2B21B614008653CB /* TPDebugTool.m */; };
		F8F403962B21B93D008653CB /* UIView+MemoryLeak.m in Sources */ = {isa = PBXBuildFile; fileRef = F8F4037F2B21B93C008653CB /* UIView+MemoryLeak.m */; };
		F8F403972B21B93D008653CB /* UINavigationController+MemoryLeak.m in Sources */ = {isa = PBXBuildFile; fileRef = F8F403812B21B93C008653CB /* UINavigationController+MemoryLeak.m */; };
		F8F403982B21B93D008653CB /* UIViewController+MemoryLeak.m in Sources */ = {isa = PBXBuildFile; fileRef = F8F403822B21B93C008653CB /* UIViewController+MemoryLeak.m */; };
		F8F403992B21B93D008653CB /* UIPageViewController+MemoryLeak.m in Sources */ = {isa = PBXBuildFile; fileRef = F8F403852B21B93C008653CB /* UIPageViewController+MemoryLeak.m */; };
		F8F4039A2B21B93D008653CB /* UIApplication+MemoryLeak.m in Sources */ = {isa = PBXBuildFile; fileRef = F8F4038B2B21B93D008653CB /* UIApplication+MemoryLeak.m */; };
		F8F4039B2B21B93D008653CB /* MLeakedObjectProxy.m in Sources */ = {isa = PBXBuildFile; fileRef = F8F4038C2B21B93D008653CB /* MLeakedObjectProxy.m */; };
		F8F4039C2B21B93D008653CB /* UITabBarController+MemoryLeak.m in Sources */ = {isa = PBXBuildFile; fileRef = F8F4038E2B21B93D008653CB /* UITabBarController+MemoryLeak.m */; };
		F8F4039D2B21B93D008653CB /* UITouch+MemoryLeak.m in Sources */ = {isa = PBXBuildFile; fileRef = F8F4038F2B21B93D008653CB /* UITouch+MemoryLeak.m */; };
		F8F4039E2B21B93D008653CB /* NSObject+MemoryLeak.m in Sources */ = {isa = PBXBuildFile; fileRef = F8F403902B21B93D008653CB /* NSObject+MemoryLeak.m */; };
		F8F4039F2B21B93D008653CB /* UISplitViewController+MemoryLeak.m in Sources */ = {isa = PBXBuildFile; fileRef = F8F403912B21B93D008653CB /* UISplitViewController+MemoryLeak.m */; };
		F8F403A02B21B93D008653CB /* MLeaksMessenger.m in Sources */ = {isa = PBXBuildFile; fileRef = F8F403922B21B93D008653CB /* MLeaksMessenger.m */; };
		F8F403A82B21B97A008653CB /* NSSet+UnicodeReadable.m in Sources */ = {isa = PBXBuildFile; fileRef = F8F403A22B21B97A008653CB /* NSSet+UnicodeReadable.m */; };
		F8F403A92B21B97A008653CB /* NSDictionary+UnicodeReadable.m in Sources */ = {isa = PBXBuildFile; fileRef = F8F403A32B21B97A008653CB /* NSDictionary+UnicodeReadable.m */; };
		F8F403AA2B21B97A008653CB /* NSArray+UnicodeReadable.m in Sources */ = {isa = PBXBuildFile; fileRef = F8F403A52B21B97A008653CB /* NSArray+UnicodeReadable.m */; };
		F8F403AF2B21BD39008653CB /* FPSLabel.m in Sources */ = {isa = PBXBuildFile; fileRef = F8F403AE2B21BD39008653CB /* FPSLabel.m */; };
		F8F403B22B21BE14008653CB /* UIView+Category.m in Sources */ = {isa = PBXBuildFile; fileRef = F8F403B12B21BE14008653CB /* UIView+Category.m */; };
		F8F403B52B21C1C1008653CB /* TPDebugToolViewController.m in Sources */ = {isa = PBXBuildFile; fileRef = F8F403B42B21C1C1008653CB /* TPDebugToolViewController.m */; };
/* End PBXBuildFile section */

/* Begin PBXContainerItemProxy section */
		F8EAC8032B173504005522DE /* PBXContainerItemProxy */ = {
			isa = PBXContainerItemProxy;
			containerPortal = F8EAC7DF2B173504005522DE /* Project object */;
			proxyType = 1;
			remoteGlobalIDString = F8EAC7E62B173504005522DE;
			remoteInfo = OCProject;
		};
		F8EAC80D2B173504005522DE /* PBXContainerItemProxy */ = {
			isa = PBXContainerItemProxy;
			containerPortal = F8EAC7DF2B173504005522DE /* Project object */;
			proxyType = 1;
			remoteGlobalIDString = F8EAC7E62B173504005522DE;
			remoteInfo = OCProject;
		};
/* End PBXContainerItemProxy section */

/* Begin PBXFileReference section */
		26F7B17AF38D01699C8E260F /* Pods-OCProject.debug.xcconfig */ = {isa = PBXFileReference; includeInIndex = 1; lastKnownFileType = text.xcconfig; name = "Pods-OCProject.debug.xcconfig"; path = "Target Support Files/Pods-OCProject/Pods-OCProject.debug.xcconfig"; sourceTree = "<group>"; };
		6FD993247E48B3E80D3859B1 /* libPods-OCProject.a */ = {isa = PBXFileReference; explicitFileType = archive.ar; includeInIndex = 0; path = "libPods-OCProject.a"; sourceTree = BUILT_PRODUCTS_DIR; };
		BA58B3EEA77B6B800264221C /* Pods-OCProject.release.xcconfig */ = {isa = PBXFileReference; includeInIndex = 1; lastKnownFileType = text.xcconfig; name = "Pods-OCProject.release.xcconfig"; path = "Target Support Files/Pods-OCProject/Pods-OCProject.release.xcconfig"; sourceTree = "<group>"; };
		F86871F92B1D6641007E747F /* TestViewController.h */ = {isa = PBXFileReference; lastKnownFileType = sourcecode.c.h; path = TestViewController.h; sourceTree = "<group>"; };
		F86871FA2B1D6641007E747F /* TestViewController.m */ = {isa = PBXFileReference; lastKnownFileType = sourcecode.c.objc; path = TestViewController.m; sourceTree = "<group>"; };
		F86871FD2B1D798D007E747F /* TPBaseTableViewCell.h */ = {isa = PBXFileReference; lastKnownFileType = sourcecode.c.h; path = TPBaseTableViewCell.h; sourceTree = "<group>"; };
		F86871FE2B1D798D007E747F /* TPBaseTableViewCell.m */ = {isa = PBXFileReference; lastKnownFileType = sourcecode.c.objc; path = TPBaseTableViewCell.m; sourceTree = "<group>"; };
		F86872002B1D79C5007E747F /* TestTableViewCell.h */ = {isa = PBXFileReference; lastKnownFileType = sourcecode.c.h; path = TestTableViewCell.h; sourceTree = "<group>"; };
		F86872012B1D79C5007E747F /* TestTableViewCell.m */ = {isa = PBXFileReference; lastKnownFileType = sourcecode.c.objc; path = TestTableViewCell.m; sourceTree = "<group>"; };
		F86872052B1D7A6B007E747F /* PrefixHeader.pch */ = {isa = PBXFileReference; lastKnownFileType = sourcecode.c.h; path = PrefixHeader.pch; sourceTree = "<group>"; };
		F86872062B1DA1B2007E747F /* UIViewController+Category.h */ = {isa = PBXFileReference; lastKnownFileType = sourcecode.c.h; path = "UIViewController+Category.h"; sourceTree = "<group>"; };
		F86872072B1DA1B2007E747F /* UIViewController+Category.m */ = {isa = PBXFileReference; lastKnownFileType = sourcecode.c.objc; path = "UIViewController+Category.m"; sourceTree = "<group>"; };
		F86E501C2B22F31B00B00781 /* TPRouter+Class.h */ = {isa = PBXFileReference; lastKnownFileType = sourcecode.c.h; path = "TPRouter+Class.h"; sourceTree = "<group>"; };
		F86E501D2B22F31B00B00781 /* TPRouter+Class.m */ = {isa = PBXFileReference; lastKnownFileType = sourcecode.c.objc; path = "TPRouter+Class.m"; sourceTree = "<group>"; };
		F86E505B2B230E3700B00781 /* UINavigationController+FDFullscreenPopGesture.m */ = {isa = PBXFileReference; fileEncoding = 4; lastKnownFileType = sourcecode.c.objc; path = "UINavigationController+FDFullscreenPopGesture.m"; sourceTree = "<group>"; };
		F86E505C2B230E3700B00781 /* UINavigationController+FDFullscreenPopGesture.h */ = {isa = PBXFileReference; fileEncoding = 4; lastKnownFileType = sourcecode.c.h; path = "UINavigationController+FDFullscreenPopGesture.h"; sourceTree = "<group>"; };
		F8AF953F2B1EB3DB003059CB /* TPBaseViewController.h */ = {isa = PBXFileReference; lastKnownFileType = sourcecode.c.h; path = TPBaseViewController.h; sourceTree = "<group>"; };
		F8AF95402B1EB3DB003059CB /* TPBaseViewController.m */ = {isa = PBXFileReference; lastKnownFileType = sourcecode.c.objc; path = TPBaseViewController.m; sourceTree = "<group>"; };
		F8AF95422B1EB407003059CB /* TPBaseNavigationController.h */ = {isa = PBXFileReference; lastKnownFileType = sourcecode.c.h; path = TPBaseNavigationController.h; sourceTree = "<group>"; };
		F8AF95432B1EB407003059CB /* TPBaseNavigationController.m */ = {isa = PBXFileReference; lastKnownFileType = sourcecode.c.objc; path = TPBaseNavigationController.m; sourceTree = "<group>"; };
		F8AF95452B1EB457003059CB /* TPBaseTabBarController.h */ = {isa = PBXFileReference; lastKnownFileType = sourcecode.c.h; path = TPBaseTabBarController.h; sourceTree = "<group>"; };
		F8AF95462B1EB457003059CB /* TPBaseTabBarController.m */ = {isa = PBXFileReference; lastKnownFileType = sourcecode.c.objc; path = TPBaseTabBarController.m; sourceTree = "<group>"; };
		F8AF95492B1EBA3C003059CB /* UIColor+Category.h */ = {isa = PBXFileReference; lastKnownFileType = sourcecode.c.h; path = "UIColor+Category.h"; sourceTree = "<group>"; };
		F8AF954A2B1EBA3C003059CB /* UIColor+Category.m */ = {isa = PBXFileReference; lastKnownFileType = sourcecode.c.objc; path = "UIColor+Category.m"; sourceTree = "<group>"; };
		F8AF954C2B1EBC68003059CB /* UIFont+Category.h */ = {isa = PBXFileReference; lastKnownFileType = sourcecode.c.h; path = "UIFont+Category.h"; sourceTree = "<group>"; };
		F8AF954D2B1EBC68003059CB /* UIFont+Category.m */ = {isa = PBXFileReference; lastKnownFileType = sourcecode.c.objc; path = "UIFont+Category.m"; sourceTree = "<group>"; };
		F8AF954F2B1EBC73003059CB /* UIImage+Category.h */ = {isa = PBXFileReference; lastKnownFileType = sourcecode.c.h; path = "UIImage+Category.h"; sourceTree = "<group>"; };
		F8AF95502B1EBC73003059CB /* UIImage+Category.m */ = {isa = PBXFileReference; lastKnownFileType = sourcecode.c.objc; path = "UIImage+Category.m"; sourceTree = "<group>"; };
		F8AF95522B1EBF7C003059CB /* TPTabBarController.h */ = {isa = PBXFileReference; lastKnownFileType = sourcecode.c.h; path = TPTabBarController.h; sourceTree = "<group>"; };
		F8AF95532B1EBF7C003059CB /* TPTabBarController.m */ = {isa = PBXFileReference; lastKnownFileType = sourcecode.c.objc; path = TPTabBarController.m; sourceTree = "<group>"; };
		F8AF955A2B1EF40A003059CB /* TPHomeViewController.h */ = {isa = PBXFileReference; lastKnownFileType = sourcecode.c.h; path = TPHomeViewController.h; sourceTree = "<group>"; };
		F8AF955B2B1EF40A003059CB /* TPHomeViewController.m */ = {isa = PBXFileReference; lastKnownFileType = sourcecode.c.objc; path = TPHomeViewController.m; sourceTree = "<group>"; };
		F8AF955E2B1EFECE003059CB /* TPNetworkError.h */ = {isa = PBXFileReference; lastKnownFileType = sourcecode.c.h; path = TPNetworkError.h; sourceTree = "<group>"; };
		F8AF955F2B1EFECE003059CB /* TPNetworkError.m */ = {isa = PBXFileReference; lastKnownFileType = sourcecode.c.objc; path = TPNetworkError.m; sourceTree = "<group>"; };
		F8AF95612B1F04D2003059CB /* TPNetworkCache.h */ = {isa = PBXFileReference; lastKnownFileType = sourcecode.c.h; path = TPNetworkCache.h; sourceTree = "<group>"; };
		F8AF95622B1F04D2003059CB /* TPNetworkCache.m */ = {isa = PBXFileReference; lastKnownFileType = sourcecode.c.objc; path = TPNetworkCache.m; sourceTree = "<group>"; };
		F8AF95642B1F053F003059CB /* TPNetworkManager.h */ = {isa = PBXFileReference; lastKnownFileType = sourcecode.c.h; path = TPNetworkManager.h; sourceTree = "<group>"; };
		F8AF95652B1F053F003059CB /* TPNetworkManager.m */ = {isa = PBXFileReference; lastKnownFileType = sourcecode.c.objc; path = TPNetworkManager.m; sourceTree = "<group>"; };
		F8AF95682B1F1D07003059CB /* TPMineViewController.h */ = {isa = PBXFileReference; lastKnownFileType = sourcecode.c.h; path = TPMineViewController.h; sourceTree = "<group>"; };
		F8AF95692B1F1D07003059CB /* TPMineViewController.m */ = {isa = PBXFileReference; lastKnownFileType = sourcecode.c.objc; path = TPMineViewController.m; sourceTree = "<group>"; };
		F8AF956C2B1F3BFF003059CB /* TPWebViewController.h */ = {isa = PBXFileReference; lastKnownFileType = sourcecode.c.h; path = TPWebViewController.h; sourceTree = "<group>"; };
		F8AF956D2B1F3BFF003059CB /* TPWebViewController.m */ = {isa = PBXFileReference; lastKnownFileType = sourcecode.c.objc; path = TPWebViewController.m; sourceTree = "<group>"; };
		F8D343162B201E94004AEE48 /* TPBaseSettings.h */ = {isa = PBXFileReference; lastKnownFileType = sourcecode.c.h; path = TPBaseSettings.h; sourceTree = "<group>"; };
		F8D343172B201E94004AEE48 /* TPBaseSettings.m */ = {isa = PBXFileReference; lastKnownFileType = sourcecode.c.objc; path = TPBaseSettings.m; sourceTree = "<group>"; };
		F8D343192B203ED0004AEE48 /* TPSettingLocation.h */ = {isa = PBXFileReference; lastKnownFileType = sourcecode.c.h; path = TPSettingLocation.h; sourceTree = "<group>"; };
		F8D3431A2B203ED0004AEE48 /* TPSettingLocation.m */ = {isa = PBXFileReference; lastKnownFileType = sourcecode.c.objc; path = TPSettingLocation.m; sourceTree = "<group>"; };
		F8D343222B20682D004AEE48 /* TPNetworkManager+Envi.h */ = {isa = PBXFileReference; lastKnownFileType = sourcecode.c.h; path = "TPNetworkManager+Envi.h"; sourceTree = "<group>"; };
		F8D343232B20682D004AEE48 /* TPNetworkManager+Envi.m */ = {isa = PBXFileReference; lastKnownFileType = sourcecode.c.objc; path = "TPNetworkManager+Envi.m"; sourceTree = "<group>"; };
		F8D343252B20686C004AEE48 /* TPEnviConfig.h */ = {isa = PBXFileReference; lastKnownFileType = sourcecode.c.h; path = TPEnviConfig.h; sourceTree = "<group>"; };
		F8D343262B20686C004AEE48 /* TPEnviConfig.m */ = {isa = PBXFileReference; lastKnownFileType = sourcecode.c.objc; path = TPEnviConfig.m; sourceTree = "<group>"; };
		F8EAC7E72B173504005522DE /* OCProject.app */ = {isa = PBXFileReference; explicitFileType = wrapper.application; includeInIndex = 0; path = OCProject.app; sourceTree = BUILT_PRODUCTS_DIR; };
		F8EAC7EA2B173504005522DE /* AppDelegate.h */ = {isa = PBXFileReference; lastKnownFileType = sourcecode.c.h; path = AppDelegate.h; sourceTree = "<group>"; };
		F8EAC7EB2B173504005522DE /* AppDelegate.m */ = {isa = PBXFileReference; lastKnownFileType = sourcecode.c.objc; path = AppDelegate.m; sourceTree = "<group>"; };
		F8EAC7ED2B173504005522DE /* SceneDelegate.h */ = {isa = PBXFileReference; lastKnownFileType = sourcecode.c.h; path = SceneDelegate.h; sourceTree = "<group>"; };
		F8EAC7EE2B173504005522DE /* SceneDelegate.m */ = {isa = PBXFileReference; lastKnownFileType = sourcecode.c.objc; path = SceneDelegate.m; sourceTree = "<group>"; };
		F8EAC7F42B173504005522DE /* Base */ = {isa = PBXFileReference; lastKnownFileType = file.storyboard; name = Base; path = Base.lproj/Main.storyboard; sourceTree = "<group>"; };
		F8EAC7F62B173504005522DE /* Assets.xcassets */ = {isa = PBXFileReference; lastKnownFileType = folder.assetcatalog; path = Assets.xcassets; sourceTree = "<group>"; };
		F8EAC7F92B173504005522DE /* Base */ = {isa = PBXFileReference; lastKnownFileType = file.storyboard; name = Base; path = Base.lproj/LaunchScreen.storyboard; sourceTree = "<group>"; };
		F8EAC7FB2B173504005522DE /* Info.plist */ = {isa = PBXFileReference; lastKnownFileType = text.plist.xml; path = Info.plist; sourceTree = "<group>"; };
		F8EAC7FC2B173504005522DE /* main.m */ = {isa = PBXFileReference; lastKnownFileType = sourcecode.c.objc; path = main.m; sourceTree = "<group>"; };
		F8EAC8022B173504005522DE /* OCProjectTests.xctest */ = {isa = PBXFileReference; explicitFileType = wrapper.cfbundle; includeInIndex = 0; path = OCProjectTests.xctest; sourceTree = BUILT_PRODUCTS_DIR; };
		F8EAC8062B173504005522DE /* OCProjectTests.m */ = {isa = PBXFileReference; lastKnownFileType = sourcecode.c.objc; path = OCProjectTests.m; sourceTree = "<group>"; };
		F8EAC80C2B173504005522DE /* OCProjectUITests.xctest */ = {isa = PBXFileReference; explicitFileType = wrapper.cfbundle; includeInIndex = 0; path = OCProjectUITests.xctest; sourceTree = BUILT_PRODUCTS_DIR; };
		F8EAC8102B173504005522DE /* OCProjectUITests.m */ = {isa = PBXFileReference; lastKnownFileType = sourcecode.c.objc; path = OCProjectUITests.m; sourceTree = "<group>"; };
		F8EAC8122B173504005522DE /* OCProjectUITestsLaunchTests.m */ = {isa = PBXFileReference; lastKnownFileType = sourcecode.c.objc; path = OCProjectUITestsLaunchTests.m; sourceTree = "<group>"; };
		F8EAC8202B173523005522DE /* TPMediator.m */ = {isa = PBXFileReference; fileEncoding = 4; lastKnownFileType = sourcecode.c.objc; path = TPMediator.m; sourceTree = "<group>"; };
		F8EAC8212B173523005522DE /* TPMediator.h */ = {isa = PBXFileReference; fileEncoding = 4; lastKnownFileType = sourcecode.c.h; path = TPMediator.h; sourceTree = "<group>"; };
		F8EAC8262B1735D5005522DE /* TPRouter.h */ = {isa = PBXFileReference; lastKnownFileType = sourcecode.c.h; path = TPRouter.h; sourceTree = "<group>"; };
		F8EAC8272B1735D5005522DE /* TPRouter.m */ = {isa = PBXFileReference; lastKnownFileType = sourcecode.c.objc; path = TPRouter.m; sourceTree = "<group>"; };
		F8F4037B2B21B614008653CB /* TPDebugTool.h */ = {isa = PBXFileReference; lastKnownFileType = sourcecode.c.h; path = TPDebugTool.h; sourceTree = "<group>"; };
		F8F4037C2B21B614008653CB /* TPDebugTool.m */ = {isa = PBXFileReference; lastKnownFileType = sourcecode.c.objc; path = TPDebugTool.m; sourceTree = "<group>"; };
		F8F4037F2B21B93C008653CB /* UIView+MemoryLeak.m */ = {isa = PBXFileReference; fileEncoding = 4; lastKnownFileType = sourcecode.c.objc; path = "UIView+MemoryLeak.m"; sourceTree = "<group>"; };
		F8F403802B21B93C008653CB /* UIViewController+MemoryLeak.h */ = {isa = PBXFileReference; fileEncoding = 4; lastKnownFileType = sourcecode.c.h; path = "UIViewController+MemoryLeak.h"; sourceTree = "<group>"; };
		F8F403812B21B93C008653CB /* UINavigationController+MemoryLeak.m */ = {isa = PBXFileReference; fileEncoding = 4; lastKnownFileType = sourcecode.c.objc; path = "UINavigationController+MemoryLeak.m"; sourceTree = "<group>"; };
		F8F403822B21B93C008653CB /* UIViewController+MemoryLeak.m */ = {isa = PBXFileReference; fileEncoding = 4; lastKnownFileType = sourcecode.c.objc; path = "UIViewController+MemoryLeak.m"; sourceTree = "<group>"; };
		F8F403832B21B93C008653CB /* UIApplication+MemoryLeak.h */ = {isa = PBXFileReference; fileEncoding = 4; lastKnownFileType = sourcecode.c.h; path = "UIApplication+MemoryLeak.h"; sourceTree = "<group>"; };
		F8F403842B21B93C008653CB /* MLeaksFinder.h */ = {isa = PBXFileReference; fileEncoding = 4; lastKnownFileType = sourcecode.c.h; path = MLeaksFinder.h; sourceTree = "<group>"; };
		F8F403852B21B93C008653CB /* UIPageViewController+MemoryLeak.m */ = {isa = PBXFileReference; fileEncoding = 4; lastKnownFileType = sourcecode.c.objc; path = "UIPageViewController+MemoryLeak.m"; sourceTree = "<group>"; };
		F8F403862B21B93C008653CB /* UIPageViewController+MemoryLeak.h */ = {isa = PBXFileReference; fileEncoding = 4; lastKnownFileType = sourcecode.c.h; path = "UIPageViewController+MemoryLeak.h"; sourceTree = "<group>"; };
		F8F403872B21B93D008653CB /* UIView+MemoryLeak.h */ = {isa = PBXFileReference; fileEncoding = 4; lastKnownFileType = sourcecode.c.h; path = "UIView+MemoryLeak.h"; sourceTree = "<group>"; };
		F8F403882B21B93D008653CB /* MLeaksMessenger.h */ = {isa = PBXFileReference; fileEncoding = 4; lastKnownFileType = sourcecode.c.h; path = MLeaksMessenger.h; sourceTree = "<group>"; };
		F8F403892B21B93D008653CB /* MLeakedObjectProxy.h */ = {isa = PBXFileReference; fileEncoding = 4; lastKnownFileType = sourcecode.c.h; path = MLeakedObjectProxy.h; sourceTree = "<group>"; };
		F8F4038A2B21B93D008653CB /* UITabBarController+MemoryLeak.h */ = {isa = PBXFileReference; fileEncoding = 4; lastKnownFileType = sourcecode.c.h; path = "UITabBarController+MemoryLeak.h"; sourceTree = "<group>"; };
		F8F4038B2B21B93D008653CB /* UIApplication+MemoryLeak.m */ = {isa = PBXFileReference; fileEncoding = 4; lastKnownFileType = sourcecode.c.objc; path = "UIApplication+MemoryLeak.m"; sourceTree = "<group>"; };
		F8F4038C2B21B93D008653CB /* MLeakedObjectProxy.m */ = {isa = PBXFileReference; fileEncoding = 4; lastKnownFileType = sourcecode.c.objc; path = MLeakedObjectProxy.m; sourceTree = "<group>"; };
		F8F4038D2B21B93D008653CB /* UISplitViewController+MemoryLeak.h */ = {isa = PBXFileReference; fileEncoding = 4; lastKnownFileType = sourcecode.c.h; path = "UISplitViewController+MemoryLeak.h"; sourceTree = "<group>"; };
		F8F4038E2B21B93D008653CB /* UITabBarController+MemoryLeak.m */ = {isa = PBXFileReference; fileEncoding = 4; lastKnownFileType = sourcecode.c.objc; path = "UITabBarController+MemoryLeak.m"; sourceTree = "<group>"; };
		F8F4038F2B21B93D008653CB /* UITouch+MemoryLeak.m */ = {isa = PBXFileReference; fileEncoding = 4; lastKnownFileType = sourcecode.c.objc; path = "UITouch+MemoryLeak.m"; sourceTree = "<group>"; };
		F8F403902B21B93D008653CB /* NSObject+MemoryLeak.m */ = {isa = PBXFileReference; fileEncoding = 4; lastKnownFileType = sourcecode.c.objc; path = "NSObject+MemoryLeak.m"; sourceTree = "<group>"; };
		F8F403912B21B93D008653CB /* UISplitViewController+MemoryLeak.m */ = {isa = PBXFileReference; fileEncoding = 4; lastKnownFileType = sourcecode.c.objc; path = "UISplitViewController+MemoryLeak.m"; sourceTree = "<group>"; };
		F8F403922B21B93D008653CB /* MLeaksMessenger.m */ = {isa = PBXFileReference; fileEncoding = 4; lastKnownFileType = sourcecode.c.objc; path = MLeaksMessenger.m; sourceTree = "<group>"; };
		F8F403932B21B93D008653CB /* NSObject+MemoryLeak.h */ = {isa = PBXFileReference; fileEncoding = 4; lastKnownFileType = sourcecode.c.h; path = "NSObject+MemoryLeak.h"; sourceTree = "<group>"; };
		F8F403942B21B93D008653CB /* UITouch+MemoryLeak.h */ = {isa = PBXFileReference; fileEncoding = 4; lastKnownFileType = sourcecode.c.h; path = "UITouch+MemoryLeak.h"; sourceTree = "<group>"; };
		F8F403952B21B93D008653CB /* UINavigationController+MemoryLeak.h */ = {isa = PBXFileReference; fileEncoding = 4; lastKnownFileType = sourcecode.c.h; path = "UINavigationController+MemoryLeak.h"; sourceTree = "<group>"; };
		F8F403A22B21B97A008653CB /* NSSet+UnicodeReadable.m */ = {isa = PBXFileReference; fileEncoding = 4; lastKnownFileType = sourcecode.c.objc; path = "NSSet+UnicodeReadable.m"; sourceTree = "<group>"; };
		F8F403A32B21B97A008653CB /* NSDictionary+UnicodeReadable.m */ = {isa = PBXFileReference; fileEncoding = 4; lastKnownFileType = sourcecode.c.objc; path = "NSDictionary+UnicodeReadable.m"; sourceTree = "<group>"; };
		F8F403A42B21B97A008653CB /* NSArray+UnicodeReadable.h */ = {isa = PBXFileReference; fileEncoding = 4; lastKnownFileType = sourcecode.c.h; path = "NSArray+UnicodeReadable.h"; sourceTree = "<group>"; };
		F8F403A52B21B97A008653CB /* NSArray+UnicodeReadable.m */ = {isa = PBXFileReference; fileEncoding = 4; lastKnownFileType = sourcecode.c.objc; path = "NSArray+UnicodeReadable.m"; sourceTree = "<group>"; };
		F8F403A62B21B97A008653CB /* NSDictionary+UnicodeReadable.h */ = {isa = PBXFileReference; fileEncoding = 4; lastKnownFileType = sourcecode.c.h; path = "NSDictionary+UnicodeReadable.h"; sourceTree = "<group>"; };
		F8F403A72B21B97A008653CB /* NSSet+UnicodeReadable.h */ = {isa = PBXFileReference; fileEncoding = 4; lastKnownFileType = sourcecode.c.h; path = "NSSet+UnicodeReadable.h"; sourceTree = "<group>"; };
		F8F403AD2B21BD39008653CB /* FPSLabel.h */ = {isa = PBXFileReference; fileEncoding = 4; lastKnownFileType = sourcecode.c.h; path = FPSLabel.h; sourceTree = "<group>"; };
		F8F403AE2B21BD39008653CB /* FPSLabel.m */ = {isa = PBXFileReference; fileEncoding = 4; lastKnownFileType = sourcecode.c.objc; path = FPSLabel.m; sourceTree = "<group>"; };
		F8F403B02B21BE14008653CB /* UIView+Category.h */ = {isa = PBXFileReference; lastKnownFileType = sourcecode.c.h; path = "UIView+Category.h"; sourceTree = "<group>"; };
		F8F403B12B21BE14008653CB /* UIView+Category.m */ = {isa = PBXFileReference; lastKnownFileType = sourcecode.c.objc; path = "UIView+Category.m"; sourceTree = "<group>"; };
		F8F403B32B21C1C1008653CB /* TPDebugToolViewController.h */ = {isa = PBXFileReference; lastKnownFileType = sourcecode.c.h; path = TPDebugToolViewController.h; sourceTree = "<group>"; };
		F8F403B42B21C1C1008653CB /* TPDebugToolViewController.m */ = {isa = PBXFileReference; lastKnownFileType = sourcecode.c.objc; path = TPDebugToolViewController.m; sourceTree = "<group>"; };
/* End PBXFileReference section */

/* Begin PBXFrameworksBuildPhase section */
		F8EAC7E42B173504005522DE /* Frameworks */ = {
			isa = PBXFrameworksBuildPhase;
			buildActionMask = 2147483647;
			files = (
				90A8DD855F12DDA350AC13E7 /* libPods-OCProject.a in Frameworks */,
			);
			runOnlyForDeploymentPostprocessing = 0;
		};
		F8EAC7FF2B173504005522DE /* Frameworks */ = {
			isa = PBXFrameworksBuildPhase;
			buildActionMask = 2147483647;
			files = (
			);
			runOnlyForDeploymentPostprocessing = 0;
		};
		F8EAC8092B173504005522DE /* Frameworks */ = {
			isa = PBXFrameworksBuildPhase;
			buildActionMask = 2147483647;
			files = (
			);
			runOnlyForDeploymentPostprocessing = 0;
		};
/* End PBXFrameworksBuildPhase section */

/* Begin PBXGroup section */
		465FFA3E8CE0560DBDF70C81 /* Pods */ = {
			isa = PBXGroup;
			children = (
				26F7B17AF38D01699C8E260F /* Pods-OCProject.debug.xcconfig */,
				BA58B3EEA77B6B800264221C /* Pods-OCProject.release.xcconfig */,
			);
			path = Pods;
			sourceTree = "<group>";
		};
		B6A257A40181CDC63B40C232 /* Frameworks */ = {
			isa = PBXGroup;
			children = (
				6FD993247E48B3E80D3859B1 /* libPods-OCProject.a */,
			);
			name = Frameworks;
			sourceTree = "<group>";
		};
		F86872032B1D7A37007E747F /* Test */ = {
			isa = PBXGroup;
			children = (
				F86871F92B1D6641007E747F /* TestViewController.h */,
				F86871FA2B1D6641007E747F /* TestViewController.m */,
				F86872002B1D79C5007E747F /* TestTableViewCell.h */,
				F86872012B1D79C5007E747F /* TestTableViewCell.m */,
			);
			path = Test;
			sourceTree = "<group>";
		};
		F868720A2B1DE0D8007E747F /* Tools */ = {
			isa = PBXGroup;
			children = (
				F8F403AC2B21BD2E008653CB /* FPS */,
				F8F403AB2B21B98B008653CB /* Debug */,
				F8F403A12B21B96A008653CB /* Unicode */,
				F8F4037E2B21B925008653CB /* MLeaksFinder */,
			);
			path = Tools;
			sourceTree = "<group>";
		};
		F8AF953E2B1EB250003059CB /* Category */ = {
			isa = PBXGroup;
			children = (
				F8AF95492B1EBA3C003059CB /* UIColor+Category.h */,
				F8AF954A2B1EBA3C003059CB /* UIColor+Category.m */,
				F8AF954C2B1EBC68003059CB /* UIFont+Category.h */,
				F8AF954D2B1EBC68003059CB /* UIFont+Category.m */,
				F8AF954F2B1EBC73003059CB /* UIImage+Category.h */,
				F8AF95502B1EBC73003059CB /* UIImage+Category.m */,
				F8F403B02B21BE14008653CB /* UIView+Category.h */,
				F8F403B12B21BE14008653CB /* UIView+Category.m */,
				F86E505C2B230E3700B00781 /* UINavigationController+FDFullscreenPopGesture.h */,
				F86E505B2B230E3700B00781 /* UINavigationController+FDFullscreenPopGesture.m */,
			);
			path = Category;
			sourceTree = "<group>";
		};
		F8AF95482B1EB92A003059CB /* Tabbar */ = {
			isa = PBXGroup;
			children = (
				F8AF95522B1EBF7C003059CB /* TPTabBarController.h */,
				F8AF95532B1EBF7C003059CB /* TPTabBarController.m */,
			);
			path = Tabbar;
			sourceTree = "<group>";
		};
		F8AF95592B1EF3F5003059CB /* Home */ = {
			isa = PBXGroup;
			children = (
				F8AF955A2B1EF40A003059CB /* TPHomeViewController.h */,
				F8AF955B2B1EF40A003059CB /* TPHomeViewController.m */,
			);
			path = Home;
			sourceTree = "<group>";
		};
		F8AF955D2B1EFA12003059CB /* Network */ = {
			isa = PBXGroup;
			children = (
				F8AF955E2B1EFECE003059CB /* TPNetworkError.h */,
				F8AF955F2B1EFECE003059CB /* TPNetworkError.m */,
				F8AF95612B1F04D2003059CB /* TPNetworkCache.h */,
				F8AF95622B1F04D2003059CB /* TPNetworkCache.m */,
				F8AF95642B1F053F003059CB /* TPNetworkManager.h */,
				F8AF95652B1F053F003059CB /* TPNetworkManager.m */,
			);
			path = Network;
			sourceTree = "<group>";
		};
		F8AF95672B1F1CEC003059CB /* Mine */ = {
			isa = PBXGroup;
			children = (
				F8AF95682B1F1D07003059CB /* TPMineViewController.h */,
				F8AF95692B1F1D07003059CB /* TPMineViewController.m */,
			);
			path = Mine;
			sourceTree = "<group>";
		};
		F8AF956B2B1F3B8D003059CB /* Web */ = {
			isa = PBXGroup;
			children = (
				F8AF956C2B1F3BFF003059CB /* TPWebViewController.h */,
				F8AF956D2B1F3BFF003059CB /* TPWebViewController.m */,
			);
			path = Web;
			sourceTree = "<group>";
		};
		F8D343152B201DA8004AEE48 /* Settings */ = {
			isa = PBXGroup;
			children = (
				F8D343162B201E94004AEE48 /* TPBaseSettings.h */,
				F8D343172B201E94004AEE48 /* TPBaseSettings.m */,
				F8D343192B203ED0004AEE48 /* TPSettingLocation.h */,
				F8D3431A2B203ED0004AEE48 /* TPSettingLocation.m */,
			);
			path = Settings;
			sourceTree = "<group>";
		};
		F8D3431C2B20616E004AEE48 /* Toast */ = {
			isa = PBXGroup;
			children = (
			);
			path = Toast;
			sourceTree = "<group>";
		};
		F8D343212B206805004AEE48 /* Envi */ = {
			isa = PBXGroup;
			children = (
				F8D343222B20682D004AEE48 /* TPNetworkManager+Envi.h */,
				F8D343232B20682D004AEE48 /* TPNetworkManager+Envi.m */,
				F8D343252B20686C004AEE48 /* TPEnviConfig.h */,
				F8D343262B20686C004AEE48 /* TPEnviConfig.m */,
			);
			path = Envi;
			sourceTree = "<group>";
		};
		F8EAC7DE2B173504005522DE = {
			isa = PBXGroup;
			children = (
				F8EAC7E92B173504005522DE /* OCProject */,
				F8EAC8052B173504005522DE /* OCProjectTests */,
				F8EAC80F2B173504005522DE /* OCProjectUITests */,
				F8EAC7E82B173504005522DE /* Products */,
				465FFA3E8CE0560DBDF70C81 /* Pods */,
				B6A257A40181CDC63B40C232 /* Frameworks */,
			);
			sourceTree = "<group>";
		};
		F8EAC7E82B173504005522DE /* Products */ = {
			isa = PBXGroup;
			children = (
				F8EAC7E72B173504005522DE /* OCProject.app */,
				F8EAC8022B173504005522DE /* OCProjectTests.xctest */,
				F8EAC80C2B173504005522DE /* OCProjectUITests.xctest */,
			);
			name = Products;
			sourceTree = "<group>";
		};
		F8EAC7E92B173504005522DE /* OCProject */ = {
			isa = PBXGroup;
			children = (
				F8D343212B206805004AEE48 /* Envi */,
				F8D3431C2B20616E004AEE48 /* Toast */,
				F8D343152B201DA8004AEE48 /* Settings */,
				F8AF955D2B1EFA12003059CB /* Network */,
				F868720A2B1DE0D8007E747F /* Tools */,
				F8EAC8242B173539005522DE /* Router */,
				F8EAC81F2B173514005522DE /* Mediator */,
				F8EAC8232B173528005522DE /* Class */,
				F8EAC7EA2B173504005522DE /* AppDelegate.h */,
				F8EAC7EB2B173504005522DE /* AppDelegate.m */,
				F8EAC7ED2B173504005522DE /* SceneDelegate.h */,
				F8EAC7EE2B173504005522DE /* SceneDelegate.m */,
				F86872052B1D7A6B007E747F /* PrefixHeader.pch */,
				F8EAC7F32B173504005522DE /* Main.storyboard */,
				F8EAC7F62B173504005522DE /* Assets.xcassets */,
				F8EAC7F82B173504005522DE /* LaunchScreen.storyboard */,
				F8EAC7FB2B173504005522DE /* Info.plist */,
				F8EAC7FC2B173504005522DE /* main.m */,
			);
			path = OCProject;
			sourceTree = "<group>";
		};
		F8EAC8052B173504005522DE /* OCProjectTests */ = {
			isa = PBXGroup;
			children = (
				F8EAC8062B173504005522DE /* OCProjectTests.m */,
			);
			path = OCProjectTests;
			sourceTree = "<group>";
		};
		F8EAC80F2B173504005522DE /* OCProjectUITests */ = {
			isa = PBXGroup;
			children = (
				F8EAC8102B173504005522DE /* OCProjectUITests.m */,
				F8EAC8122B173504005522DE /* OCProjectUITestsLaunchTests.m */,
			);
			path = OCProjectUITests;
			sourceTree = "<group>";
		};
		F8EAC81F2B173514005522DE /* Mediator */ = {
			isa = PBXGroup;
			children = (
				F8EAC8212B173523005522DE /* TPMediator.h */,
				F8EAC8202B173523005522DE /* TPMediator.m */,
			);
			path = Mediator;
			sourceTree = "<group>";
		};
		F8EAC8232B173528005522DE /* Class */ = {
			isa = PBXGroup;
			children = (
				F8AF956B2B1F3B8D003059CB /* Web */,
				F8AF95672B1F1CEC003059CB /* Mine */,
				F8AF95592B1EF3F5003059CB /* Home */,
				F8AF95482B1EB92A003059CB /* Tabbar */,
				F8AF953E2B1EB250003059CB /* Category */,
				F86872032B1D7A37007E747F /* Test */,
				F8EAC8252B173572005522DE /* Base */,
			);
			path = Class;
			sourceTree = "<group>";
		};
		F8EAC8242B173539005522DE /* Router */ = {
			isa = PBXGroup;
			children = (
				F8EAC8262B1735D5005522DE /* TPRouter.h */,
				F8EAC8272B1735D5005522DE /* TPRouter.m */,
				F86872062B1DA1B2007E747F /* UIViewController+Category.h */,
				F86872072B1DA1B2007E747F /* UIViewController+Category.m */,
				F86E501C2B22F31B00B00781 /* TPRouter+Class.h */,
				F86E501D2B22F31B00B00781 /* TPRouter+Class.m */,
			);
			path = Router;
			sourceTree = "<group>";
		};
		F8EAC8252B173572005522DE /* Base */ = {
			isa = PBXGroup;
			children = (
				F86871FD2B1D798D007E747F /* TPBaseTableViewCell.h */,
				F86871FE2B1D798D007E747F /* TPBaseTableViewCell.m */,
				F8AF953F2B1EB3DB003059CB /* TPBaseViewController.h */,
				F8AF95402B1EB3DB003059CB /* TPBaseViewController.m */,
				F8AF95422B1EB407003059CB /* TPBaseNavigationController.h */,
				F8AF95432B1EB407003059CB /* TPBaseNavigationController.m */,
				F8AF95452B1EB457003059CB /* TPBaseTabBarController.h */,
				F8AF95462B1EB457003059CB /* TPBaseTabBarController.m */,
			);
			path = Base;
			sourceTree = "<group>";
		};
		F8F4037E2B21B925008653CB /* MLeaksFinder */ = {
			isa = PBXGroup;
			children = (
				F8F403892B21B93D008653CB /* MLeakedObjectProxy.h */,
				F8F4038C2B21B93D008653CB /* MLeakedObjectProxy.m */,
				F8F403842B21B93C008653CB /* MLeaksFinder.h */,
				F8F403882B21B93D008653CB /* MLeaksMessenger.h */,
				F8F403922B21B93D008653CB /* MLeaksMessenger.m */,
				F8F403932B21B93D008653CB /* NSObject+MemoryLeak.h */,
				F8F403902B21B93D008653CB /* NSObject+MemoryLeak.m */,
				F8F403832B21B93C008653CB /* UIApplication+MemoryLeak.h */,
				F8F4038B2B21B93D008653CB /* UIApplication+MemoryLeak.m */,
				F8F403952B21B93D008653CB /* UINavigationController+MemoryLeak.h */,
				F8F403812B21B93C008653CB /* UINavigationController+MemoryLeak.m */,
				F8F403862B21B93C008653CB /* UIPageViewController+MemoryLeak.h */,
				F8F403852B21B93C008653CB /* UIPageViewController+MemoryLeak.m */,
				F8F4038D2B21B93D008653CB /* UISplitViewController+MemoryLeak.h */,
				F8F403912B21B93D008653CB /* UISplitViewController+MemoryLeak.m */,
				F8F4038A2B21B93D008653CB /* UITabBarController+MemoryLeak.h */,
				F8F4038E2B21B93D008653CB /* UITabBarController+MemoryLeak.m */,
				F8F403942B21B93D008653CB /* UITouch+MemoryLeak.h */,
				F8F4038F2B21B93D008653CB /* UITouch+MemoryLeak.m */,
				F8F403872B21B93D008653CB /* UIView+MemoryLeak.h */,
				F8F4037F2B21B93C008653CB /* UIView+MemoryLeak.m */,
				F8F403802B21B93C008653CB /* UIViewController+MemoryLeak.h */,
				F8F403822B21B93C008653CB /* UIViewController+MemoryLeak.m */,
			);
			path = MLeaksFinder;
			sourceTree = "<group>";
		};
		F8F403A12B21B96A008653CB /* Unicode */ = {
			isa = PBXGroup;
			children = (
				F8F403A42B21B97A008653CB /* NSArray+UnicodeReadable.h */,
				F8F403A52B21B97A008653CB /* NSArray+UnicodeReadable.m */,
				F8F403A62B21B97A008653CB /* NSDictionary+UnicodeReadable.h */,
				F8F403A32B21B97A008653CB /* NSDictionary+UnicodeReadable.m */,
				F8F403A72B21B97A008653CB /* NSSet+UnicodeReadable.h */,
				F8F403A22B21B97A008653CB /* NSSet+UnicodeReadable.m */,
			);
			path = Unicode;
			sourceTree = "<group>";
		};
		F8F403AB2B21B98B008653CB /* Debug */ = {
			isa = PBXGroup;
			children = (
				F8F4037B2B21B614008653CB /* TPDebugTool.h */,
				F8F4037C2B21B614008653CB /* TPDebugTool.m */,
				F8F403B32B21C1C1008653CB /* TPDebugToolViewController.h */,
				F8F403B42B21C1C1008653CB /* TPDebugToolViewController.m */,
			);
			path = Debug;
			sourceTree = "<group>";
		};
		F8F403AC2B21BD2E008653CB /* FPS */ = {
			isa = PBXGroup;
			children = (
				F8F403AD2B21BD39008653CB /* FPSLabel.h */,
				F8F403AE2B21BD39008653CB /* FPSLabel.m */,
			);
			path = FPS;
			sourceTree = "<group>";
		};
/* End PBXGroup section */

/* Begin PBXNativeTarget section */
		F8EAC7E62B173504005522DE /* OCProject */ = {
			isa = PBXNativeTarget;
			buildConfigurationList = F8EAC8162B173504005522DE /* Build configuration list for PBXNativeTarget "OCProject" */;
			buildPhases = (
				D85A75D77299202D1A365625 /* [CP] Check Pods Manifest.lock */,
				F8EAC7E32B173504005522DE /* Sources */,
				F8EAC7E42B173504005522DE /* Frameworks */,
				F8EAC7E52B173504005522DE /* Resources */,
				A4F91A18AB2B26C048B316E4 /* [CP] Copy Pods Resources */,
			);
			buildRules = (
			);
			dependencies = (
			);
			name = OCProject;
			productName = OCProject;
			productReference = F8EAC7E72B173504005522DE /* OCProject.app */;
			productType = "com.apple.product-type.application";
		};
		F8EAC8012B173504005522DE /* OCProjectTests */ = {
			isa = PBXNativeTarget;
			buildConfigurationList = F8EAC8192B173504005522DE /* Build configuration list for PBXNativeTarget "OCProjectTests" */;
			buildPhases = (
				F8EAC7FE2B173504005522DE /* Sources */,
				F8EAC7FF2B173504005522DE /* Frameworks */,
				F8EAC8002B173504005522DE /* Resources */,
			);
			buildRules = (
			);
			dependencies = (
				F8EAC8042B173504005522DE /* PBXTargetDependency */,
			);
			name = OCProjectTests;
			productName = OCProjectTests;
			productReference = F8EAC8022B173504005522DE /* OCProjectTests.xctest */;
			productType = "com.apple.product-type.bundle.unit-test";
		};
		F8EAC80B2B173504005522DE /* OCProjectUITests */ = {
			isa = PBXNativeTarget;
			buildConfigurationList = F8EAC81C2B173504005522DE /* Build configuration list for PBXNativeTarget "OCProjectUITests" */;
			buildPhases = (
				F8EAC8082B173504005522DE /* Sources */,
				F8EAC8092B173504005522DE /* Frameworks */,
				F8EAC80A2B173504005522DE /* Resources */,
			);
			buildRules = (
			);
			dependencies = (
				F8EAC80E2B173504005522DE /* PBXTargetDependency */,
			);
			name = OCProjectUITests;
			productName = OCProjectUITests;
			productReference = F8EAC80C2B173504005522DE /* OCProjectUITests.xctest */;
			productType = "com.apple.product-type.bundle.ui-testing";
		};
/* End PBXNativeTarget section */

/* Begin PBXProject section */
		F8EAC7DF2B173504005522DE /* Project object */ = {
			isa = PBXProject;
			attributes = {
				BuildIndependentTargetsInParallel = 1;
				LastUpgradeCheck = 1430;
				TargetAttributes = {
					F8EAC7E62B173504005522DE = {
						CreatedOnToolsVersion = 14.3.1;
					};
					F8EAC8012B173504005522DE = {
						CreatedOnToolsVersion = 14.3.1;
						TestTargetID = F8EAC7E62B173504005522DE;
					};
					F8EAC80B2B173504005522DE = {
						CreatedOnToolsVersion = 14.3.1;
						TestTargetID = F8EAC7E62B173504005522DE;
					};
				};
			};
			buildConfigurationList = F8EAC7E22B173504005522DE /* Build configuration list for PBXProject "OCProject" */;
			compatibilityVersion = "Xcode 14.0";
			developmentRegion = en;
			hasScannedForEncodings = 0;
			knownRegions = (
				en,
				Base,
			);
			mainGroup = F8EAC7DE2B173504005522DE;
			productRefGroup = F8EAC7E82B173504005522DE /* Products */;
			projectDirPath = "";
			projectRoot = "";
			targets = (
				F8EAC7E62B173504005522DE /* OCProject */,
				F8EAC8012B173504005522DE /* OCProjectTests */,
				F8EAC80B2B173504005522DE /* OCProjectUITests */,
			);
		};
/* End PBXProject section */

/* Begin PBXResourcesBuildPhase section */
		F8EAC7E52B173504005522DE /* Resources */ = {
			isa = PBXResourcesBuildPhase;
			buildActionMask = 2147483647;
			files = (
				F8EAC7FA2B173504005522DE /* LaunchScreen.storyboard in Resources */,
				F8EAC7F72B173504005522DE /* Assets.xcassets in Resources */,
				F8EAC7F52B173504005522DE /* Main.storyboard in Resources */,
			);
			runOnlyForDeploymentPostprocessing = 0;
		};
		F8EAC8002B173504005522DE /* Resources */ = {
			isa = PBXResourcesBuildPhase;
			buildActionMask = 2147483647;
			files = (
			);
			runOnlyForDeploymentPostprocessing = 0;
		};
		F8EAC80A2B173504005522DE /* Resources */ = {
			isa = PBXResourcesBuildPhase;
			buildActionMask = 2147483647;
			files = (
			);
			runOnlyForDeploymentPostprocessing = 0;
		};
/* End PBXResourcesBuildPhase section */

/* Begin PBXShellScriptBuildPhase section */
		A4F91A18AB2B26C048B316E4 /* [CP] Copy Pods Resources */ = {
			isa = PBXShellScriptBuildPhase;
			buildActionMask = 2147483647;
			files = (
			);
			inputFileListPaths = (
				"${PODS_ROOT}/Target Support Files/Pods-OCProject/Pods-OCProject-resources-${CONFIGURATION}-input-files.xcfilelist",
			);
			name = "[CP] Copy Pods Resources";
			outputFileListPaths = (
				"${PODS_ROOT}/Target Support Files/Pods-OCProject/Pods-OCProject-resources-${CONFIGURATION}-output-files.xcfilelist",
			);
			runOnlyForDeploymentPostprocessing = 0;
			shellPath = /bin/sh;
			shellScript = "\"${PODS_ROOT}/Target Support Files/Pods-OCProject/Pods-OCProject-resources.sh\"\n";
			showEnvVarsInLog = 0;
		};
		D85A75D77299202D1A365625 /* [CP] Check Pods Manifest.lock */ = {
			isa = PBXShellScriptBuildPhase;
			buildActionMask = 2147483647;
			files = (
			);
			inputFileListPaths = (
			);
			inputPaths = (
				"${PODS_PODFILE_DIR_PATH}/Podfile.lock",
				"${PODS_ROOT}/Manifest.lock",
			);
			name = "[CP] Check Pods Manifest.lock";
			outputFileListPaths = (
			);
			outputPaths = (
				"$(DERIVED_FILE_DIR)/Pods-OCProject-checkManifestLockResult.txt",
			);
			runOnlyForDeploymentPostprocessing = 0;
			shellPath = /bin/sh;
			shellScript = "diff \"${PODS_PODFILE_DIR_PATH}/Podfile.lock\" \"${PODS_ROOT}/Manifest.lock\" > /dev/null\nif [ $? != 0 ] ; then\n    # print error to STDERR\n    echo \"error: The sandbox is not in sync with the Podfile.lock. Run 'pod install' or update your CocoaPods installation.\" >&2\n    exit 1\nfi\n# This output is used by Xcode 'outputs' to avoid re-running this script phase.\necho \"SUCCESS\" > \"${SCRIPT_OUTPUT_FILE_0}\"\n";
			showEnvVarsInLog = 0;
		};
/* End PBXShellScriptBuildPhase section */

/* Begin PBXSourcesBuildPhase section */
		F8EAC7E32B173504005522DE /* Sources */ = {
			isa = PBXSourcesBuildPhase;
			buildActionMask = 2147483647;
			files = (
				F8F403972B21B93D008653CB /* UINavigationController+MemoryLeak.m in Sources */,
				F8F4039C2B21B93D008653CB /* UITabBarController+MemoryLeak.m in Sources */,
				F8F403AF2B21BD39008653CB /* FPSLabel.m in Sources */,
				F8F403A92B21B97A008653CB /* NSDictionary+UnicodeReadable.m in Sources */,
				F8F403962B21B93D008653CB /* UIView+MemoryLeak.m in Sources */,
				F8D343242B20682D004AEE48 /* TPNetworkManager+Envi.m in Sources */,
				F8F403A82B21B97A008653CB /* NSSet+UnicodeReadable.m in Sources */,
				F8AF956E2B1F3BFF003059CB /* TPWebViewController.m in Sources */,
				F86872022B1D79C5007E747F /* TestTableViewCell.m in Sources */,
				F8F4037D2B21B614008653CB /* TPDebugTool.m in Sources */,
				F8F403AA2B21B97A008653CB /* NSArray+UnicodeReadable.m in Sources */,
				F8AF95512B1EBC73003059CB /* UIImage+Category.m in Sources */,
				F8AF95442B1EB407003059CB /* TPBaseNavigationController.m in Sources */,
				F8AF95632B1F04D2003059CB /* TPNetworkCache.m in Sources */,
				F8F4039A2B21B93D008653CB /* UIApplication+MemoryLeak.m in Sources */,
				F8F4039F2B21B93D008653CB /* UISplitViewController+MemoryLeak.m in Sources */,
				F8F403992B21B93D008653CB /* UIPageViewController+MemoryLeak.m in Sources */,
				F8AF95472B1EB457003059CB /* TPBaseTabBarController.m in Sources */,
				F8AF95412B1EB3DB003059CB /* TPBaseViewController.m in Sources */,
				F8EAC7EC2B173504005522DE /* AppDelegate.m in Sources */,
				F86871FF2B1D798D007E747F /* TPBaseTableViewCell.m in Sources */,
				F8AF955C2B1EF40A003059CB /* TPHomeViewController.m in Sources */,
				F86872082B1DA1B2007E747F /* UIViewController+Category.m in Sources */,
				F8EAC8282B1735D5005522DE /* TPRouter.m in Sources */,
				F8D3431B2B203ED0004AEE48 /* TPSettingLocation.m in Sources */,
				F8AF95542B1EBF7C003059CB /* TPTabBarController.m in Sources */,
				F8F4039D2B21B93D008653CB /* UITouch+MemoryLeak.m in Sources */,
				F8F403B22B21BE14008653CB /* UIView+Category.m in Sources */,
				F8AF954E2B1EBC68003059CB /* UIFont+Category.m in Sources */,
				F8D343272B20686C004AEE48 /* TPEnviConfig.m in Sources */,
				F8F4039E2B21B93D008653CB /* NSObject+MemoryLeak.m in Sources */,
				F8F403B52B21C1C1008653CB /* TPDebugToolViewController.m in Sources */,
				F86E501E2B22F31B00B00781 /* TPRouter+Class.m in Sources */,
				F8F403982B21B93D008653CB /* UIViewController+MemoryLeak.m in Sources */,
				F8D343182B201E94004AEE48 /* TPBaseSettings.m in Sources */,
				F8F4039B2B21B93D008653CB /* MLeakedObjectProxy.m in Sources */,
				F8EAC8222B173523005522DE /* TPMediator.m in Sources */,
				F8AF956A2B1F1D07003059CB /* TPMineViewController.m in Sources */,
				F86E505D2B230E3700B00781 /* UINavigationController+FDFullscreenPopGesture.m in Sources */,
				F8AF95602B1EFECE003059CB /* TPNetworkError.m in Sources */,
				F8F403A02B21B93D008653CB /* MLeaksMessenger.m in Sources */,
				F8EAC7FD2B173504005522DE /* main.m in Sources */,
				F8AF95662B1F053F003059CB /* TPNetworkManager.m in Sources */,
				F86871FB2B1D6641007E747F /* TestViewController.m in Sources */,
				F8EAC7EF2B173504005522DE /* SceneDelegate.m in Sources */,
				F8AF954B2B1EBA3C003059CB /* UIColor+Category.m in Sources */,
			);
			runOnlyForDeploymentPostprocessing = 0;
		};
		F8EAC7FE2B173504005522DE /* Sources */ = {
			isa = PBXSourcesBuildPhase;
			buildActionMask = 2147483647;
			files = (
				F8EAC8072B173504005522DE /* OCProjectTests.m in Sources */,
			);
			runOnlyForDeploymentPostprocessing = 0;
		};
		F8EAC8082B173504005522DE /* Sources */ = {
			isa = PBXSourcesBuildPhase;
			buildActionMask = 2147483647;
			files = (
				F8EAC8132B173504005522DE /* OCProjectUITestsLaunchTests.m in Sources */,
				F8EAC8112B173504005522DE /* OCProjectUITests.m in Sources */,
			);
			runOnlyForDeploymentPostprocessing = 0;
		};
/* End PBXSourcesBuildPhase section */

/* Begin PBXTargetDependency section */
		F8EAC8042B173504005522DE /* PBXTargetDependency */ = {
			isa = PBXTargetDependency;
			target = F8EAC7E62B173504005522DE /* OCProject */;
			targetProxy = F8EAC8032B173504005522DE /* PBXContainerItemProxy */;
		};
		F8EAC80E2B173504005522DE /* PBXTargetDependency */ = {
			isa = PBXTargetDependency;
			target = F8EAC7E62B173504005522DE /* OCProject */;
			targetProxy = F8EAC80D2B173504005522DE /* PBXContainerItemProxy */;
		};
/* End PBXTargetDependency section */

/* Begin PBXVariantGroup section */
		F8EAC7F32B173504005522DE /* Main.storyboard */ = {
			isa = PBXVariantGroup;
			children = (
				F8EAC7F42B173504005522DE /* Base */,
			);
			name = Main.storyboard;
			sourceTree = "<group>";
		};
		F8EAC7F82B173504005522DE /* LaunchScreen.storyboard */ = {
			isa = PBXVariantGroup;
			children = (
				F8EAC7F92B173504005522DE /* Base */,
			);
			name = LaunchScreen.storyboard;
			sourceTree = "<group>";
		};
/* End PBXVariantGroup section */

/* Begin XCBuildConfiguration section */
		F8EAC8142B173504005522DE /* Debug */ = {
			isa = XCBuildConfiguration;
			buildSettings = {
				ALWAYS_SEARCH_USER_PATHS = NO;
				CLANG_ANALYZER_NONNULL = YES;
				CLANG_ANALYZER_NUMBER_OBJECT_CONVERSION = YES_AGGRESSIVE;
				CLANG_CXX_LANGUAGE_STANDARD = "gnu++20";
				CLANG_ENABLE_MODULES = YES;
				CLANG_ENABLE_OBJC_ARC = YES;
				CLANG_ENABLE_OBJC_WEAK = YES;
				CLANG_WARN_BLOCK_CAPTURE_AUTORELEASING = YES;
				CLANG_WARN_BOOL_CONVERSION = YES;
				CLANG_WARN_COMMA = YES;
				CLANG_WARN_CONSTANT_CONVERSION = YES;
				CLANG_WARN_DEPRECATED_OBJC_IMPLEMENTATIONS = YES;
				CLANG_WARN_DIRECT_OBJC_ISA_USAGE = YES_ERROR;
				CLANG_WARN_DOCUMENTATION_COMMENTS = YES;
				CLANG_WARN_EMPTY_BODY = YES;
				CLANG_WARN_ENUM_CONVERSION = YES;
				CLANG_WARN_INFINITE_RECURSION = YES;
				CLANG_WARN_INT_CONVERSION = YES;
				CLANG_WARN_NON_LITERAL_NULL_CONVERSION = YES;
				CLANG_WARN_OBJC_IMPLICIT_RETAIN_SELF = YES;
				CLANG_WARN_OBJC_LITERAL_CONVERSION = YES;
				CLANG_WARN_OBJC_ROOT_CLASS = YES_ERROR;
				CLANG_WARN_QUOTED_INCLUDE_IN_FRAMEWORK_HEADER = YES;
				CLANG_WARN_RANGE_LOOP_ANALYSIS = YES;
				CLANG_WARN_STRICT_PROTOTYPES = YES;
				CLANG_WARN_SUSPICIOUS_MOVE = YES;
				CLANG_WARN_UNGUARDED_AVAILABILITY = YES_AGGRESSIVE;
				CLANG_WARN_UNREACHABLE_CODE = YES;
				CLANG_WARN__DUPLICATE_METHOD_MATCH = YES;
				COPY_PHASE_STRIP = NO;
				DEBUG_INFORMATION_FORMAT = dwarf;
				ENABLE_STRICT_OBJC_MSGSEND = YES;
				ENABLE_TESTABILITY = YES;
				GCC_C_LANGUAGE_STANDARD = gnu11;
				GCC_DYNAMIC_NO_PIC = NO;
				GCC_NO_COMMON_BLOCKS = YES;
				GCC_OPTIMIZATION_LEVEL = 0;
				GCC_PREPROCESSOR_DEFINITIONS = (
					"DEBUG=1",
					"$(inherited)",
				);
				GCC_WARN_64_TO_32_BIT_CONVERSION = YES;
				GCC_WARN_ABOUT_RETURN_TYPE = YES_ERROR;
				GCC_WARN_UNDECLARED_SELECTOR = YES;
				GCC_WARN_UNINITIALIZED_AUTOS = YES_AGGRESSIVE;
				GCC_WARN_UNUSED_FUNCTION = YES;
				GCC_WARN_UNUSED_VARIABLE = YES;
				IPHONEOS_DEPLOYMENT_TARGET = 16.4;
				MTL_ENABLE_DEBUG_INFO = INCLUDE_SOURCE;
				MTL_FAST_MATH = YES;
				ONLY_ACTIVE_ARCH = YES;
				SDKROOT = iphoneos;
			};
			name = Debug;
		};
		F8EAC8152B173504005522DE /* Release */ = {
			isa = XCBuildConfiguration;
			buildSettings = {
				ALWAYS_SEARCH_USER_PATHS = NO;
				CLANG_ANALYZER_NONNULL = YES;
				CLANG_ANALYZER_NUMBER_OBJECT_CONVERSION = YES_AGGRESSIVE;
				CLANG_CXX_LANGUAGE_STANDARD = "gnu++20";
				CLANG_ENABLE_MODULES = YES;
				CLANG_ENABLE_OBJC_ARC = YES;
				CLANG_ENABLE_OBJC_WEAK = YES;
				CLANG_WARN_BLOCK_CAPTURE_AUTORELEASING = YES;
				CLANG_WARN_BOOL_CONVERSION = YES;
				CLANG_WARN_COMMA = YES;
				CLANG_WARN_CONSTANT_CONVERSION = YES;
				CLANG_WARN_DEPRECATED_OBJC_IMPLEMENTATIONS = YES;
				CLANG_WARN_DIRECT_OBJC_ISA_USAGE = YES_ERROR;
				CLANG_WARN_DOCUMENTATION_COMMENTS = YES;
				CLANG_WARN_EMPTY_BODY = YES;
				CLANG_WARN_ENUM_CONVERSION = YES;
				CLANG_WARN_INFINITE_RECURSION = YES;
				CLANG_WARN_INT_CONVERSION = YES;
				CLANG_WARN_NON_LITERAL_NULL_CONVERSION = YES;
				CLANG_WARN_OBJC_IMPLICIT_RETAIN_SELF = YES;
				CLANG_WARN_OBJC_LITERAL_CONVERSION = YES;
				CLANG_WARN_OBJC_ROOT_CLASS = YES_ERROR;
				CLANG_WARN_QUOTED_INCLUDE_IN_FRAMEWORK_HEADER = YES;
				CLANG_WARN_RANGE_LOOP_ANALYSIS = YES;
				CLANG_WARN_STRICT_PROTOTYPES = YES;
				CLANG_WARN_SUSPICIOUS_MOVE = YES;
				CLANG_WARN_UNGUARDED_AVAILABILITY = YES_AGGRESSIVE;
				CLANG_WARN_UNREACHABLE_CODE = YES;
				CLANG_WARN__DUPLICATE_METHOD_MATCH = YES;
				COPY_PHASE_STRIP = NO;
				DEBUG_INFORMATION_FORMAT = "dwarf-with-dsym";
				ENABLE_NS_ASSERTIONS = NO;
				ENABLE_STRICT_OBJC_MSGSEND = YES;
				GCC_C_LANGUAGE_STANDARD = gnu11;
				GCC_NO_COMMON_BLOCKS = YES;
				GCC_WARN_64_TO_32_BIT_CONVERSION = YES;
				GCC_WARN_ABOUT_RETURN_TYPE = YES_ERROR;
				GCC_WARN_UNDECLARED_SELECTOR = YES;
				GCC_WARN_UNINITIALIZED_AUTOS = YES_AGGRESSIVE;
				GCC_WARN_UNUSED_FUNCTION = YES;
				GCC_WARN_UNUSED_VARIABLE = YES;
				IPHONEOS_DEPLOYMENT_TARGET = 16.4;
				MTL_ENABLE_DEBUG_INFO = NO;
				MTL_FAST_MATH = YES;
				SDKROOT = iphoneos;
				VALIDATE_PRODUCT = YES;
			};
			name = Release;
		};
		F8EAC8172B173504005522DE /* Debug */ = {
			isa = XCBuildConfiguration;
			baseConfigurationReference = 26F7B17AF38D01699C8E260F /* Pods-OCProject.debug.xcconfig */;
			buildSettings = {
				ASSETCATALOG_COMPILER_APPICON_NAME = AppIcon;
				ASSETCATALOG_COMPILER_GLOBAL_ACCENT_COLOR_NAME = AccentColor;
				CODE_SIGN_STYLE = Automatic;
				CURRENT_PROJECT_VERSION = 1;
				DEVELOPMENT_TEAM = X56LJFQ45H;
				GCC_PREFIX_HEADER = /Users/wangxiangwei/Desktop/OCProject/OCProject/PrefixHeader.pch;
				GENERATE_INFOPLIST_FILE = YES;
				INFOPLIST_FILE = OCProject/Info.plist;
				INFOPLIST_KEY_NSLocationAlwaysAndWhenInUseUsageDescription = " Location Always and When In Use Usage Description";
				INFOPLIST_KEY_NSLocationAlwaysUsageDescription = "Location Always Usage Description";
				INFOPLIST_KEY_NSLocationWhenInUseUsageDescription = "Location When In Use Usage Description";
				INFOPLIST_KEY_UIApplicationSupportsIndirectInputEvents = YES;
				INFOPLIST_KEY_UILaunchStoryboardName = LaunchScreen;
				INFOPLIST_KEY_UIMainStoryboardFile = Main;
				INFOPLIST_KEY_UIStatusBarStyle = "";
				INFOPLIST_KEY_UISupportedInterfaceOrientations_iPad = "UIInterfaceOrientationPortrait UIInterfaceOrientationPortraitUpsideDown UIInterfaceOrientationLandscapeLeft UIInterfaceOrientationLandscapeRight";
				INFOPLIST_KEY_UISupportedInterfaceOrientations_iPhone = "UIInterfaceOrientationPortrait UIInterfaceOrientationLandscapeLeft UIInterfaceOrientationLandscapeRight";
				IPHONEOS_DEPLOYMENT_TARGET = 13.0;
				LD_RUNPATH_SEARCH_PATHS = (
					"$(inherited)",
					"@executable_path/Frameworks",
				);
				MARKETING_VERSION = 1.0;
				PRODUCT_BUNDLE_IDENTIFIER = www.yy.OCProject;
				PRODUCT_NAME = "$(TARGET_NAME)";
				SWIFT_EMIT_LOC_STRINGS = YES;
				TARGETED_DEVICE_FAMILY = "1,2";
			};
			name = Debug;
		};
		F8EAC8182B173504005522DE /* Release */ = {
			isa = XCBuildConfiguration;
			baseConfigurationReference = BA58B3EEA77B6B800264221C /* Pods-OCProject.release.xcconfig */;
			buildSettings = {
				ASSETCATALOG_COMPILER_APPICON_NAME = AppIcon;
				ASSETCATALOG_COMPILER_GLOBAL_ACCENT_COLOR_NAME = AccentColor;
				CODE_SIGN_STYLE = Automatic;
				CURRENT_PROJECT_VERSION = 1;
				DEVELOPMENT_TEAM = X56LJFQ45H;
				GCC_PREFIX_HEADER = /Users/wangxiangwei/Desktop/OCProject/OCProject/PrefixHeader.pch;
				GENERATE_INFOPLIST_FILE = YES;
				INFOPLIST_FILE = OCProject/Info.plist;
				INFOPLIST_KEY_NSLocationAlwaysAndWhenInUseUsageDescription = " Location Always and When In Use Usage Description";
				INFOPLIST_KEY_NSLocationAlwaysUsageDescription = "Location Always Usage Description";
				INFOPLIST_KEY_NSLocationWhenInUseUsageDescription = "Location When In Use Usage Description";
				INFOPLIST_KEY_UIApplicationSupportsIndirectInputEvents = YES;
				INFOPLIST_KEY_UILaunchStoryboardName = LaunchScreen;
				INFOPLIST_KEY_UIMainStoryboardFile = Main;
				INFOPLIST_KEY_UIStatusBarStyle = "";
				INFOPLIST_KEY_UISupportedInterfaceOrientations_iPad = "UIInterfaceOrientationPortrait UIInterfaceOrientationPortraitUpsideDown UIInterfaceOrientationLandscapeLeft UIInterfaceOrientationLandscapeRight";
				INFOPLIST_KEY_UISupportedInterfaceOrientations_iPhone = "UIInterfaceOrientationPortrait UIInterfaceOrientationLandscapeLeft UIInterfaceOrientationLandscapeRight";
				IPHONEOS_DEPLOYMENT_TARGET = 13.0;
				LD_RUNPATH_SEARCH_PATHS = (
					"$(inherited)",
					"@executable_path/Frameworks",
				);
				MARKETING_VERSION = 1.0;
				PRODUCT_BUNDLE_IDENTIFIER = www.yy.OCProject;
				PRODUCT_NAME = "$(TARGET_NAME)";
				SWIFT_EMIT_LOC_STRINGS = YES;
				TARGETED_DEVICE_FAMILY = "1,2";
			};
			name = Release;
		};
		F8EAC81A2B173504005522DE /* Debug */ = {
			isa = XCBuildConfiguration;
			buildSettings = {
				BUNDLE_LOADER = "$(TEST_HOST)";
				CODE_SIGN_STYLE = Automatic;
				CURRENT_PROJECT_VERSION = 1;
				GENERATE_INFOPLIST_FILE = YES;
				IPHONEOS_DEPLOYMENT_TARGET = 16.4;
				MARKETING_VERSION = 1.0;
				PRODUCT_BUNDLE_IDENTIFIER = www.yy.OCProjectTests;
				PRODUCT_NAME = "$(TARGET_NAME)";
				SWIFT_EMIT_LOC_STRINGS = NO;
				TARGETED_DEVICE_FAMILY = "1,2";
				TEST_HOST = "$(BUILT_PRODUCTS_DIR)/OCProject.app/$(BUNDLE_EXECUTABLE_FOLDER_PATH)/OCProject";
			};
			name = Debug;
		};
		F8EAC81B2B173504005522DE /* Release */ = {
			isa = XCBuildConfiguration;
			buildSettings = {
				BUNDLE_LOADER = "$(TEST_HOST)";
				CODE_SIGN_STYLE = Automatic;
				CURRENT_PROJECT_VERSION = 1;
				GENERATE_INFOPLIST_FILE = YES;
				IPHONEOS_DEPLOYMENT_TARGET = 16.4;
				MARKETING_VERSION = 1.0;
				PRODUCT_BUNDLE_IDENTIFIER = www.yy.OCProjectTests;
				PRODUCT_NAME = "$(TARGET_NAME)";
				SWIFT_EMIT_LOC_STRINGS = NO;
				TARGETED_DEVICE_FAMILY = "1,2";
				TEST_HOST = "$(BUILT_PRODUCTS_DIR)/OCProject.app/$(BUNDLE_EXECUTABLE_FOLDER_PATH)/OCProject";
			};
			name = Release;
		};
		F8EAC81D2B173504005522DE /* Debug */ = {
			isa = XCBuildConfiguration;
			buildSettings = {
				CODE_SIGN_STYLE = Automatic;
				CURRENT_PROJECT_VERSION = 1;
				GENERATE_INFOPLIST_FILE = YES;
				MARKETING_VERSION = 1.0;
				PRODUCT_BUNDLE_IDENTIFIER = www.yy.OCProjectUITests;
				PRODUCT_NAME = "$(TARGET_NAME)";
				SWIFT_EMIT_LOC_STRINGS = NO;
				TARGETED_DEVICE_FAMILY = "1,2";
				TEST_TARGET_NAME = OCProject;
			};
			name = Debug;
		};
		F8EAC81E2B173504005522DE /* Release */ = {
			isa = XCBuildConfiguration;
			buildSettings = {
				CODE_SIGN_STYLE = Automatic;
				CURRENT_PROJECT_VERSION = 1;
				GENERATE_INFOPLIST_FILE = YES;
				MARKETING_VERSION = 1.0;
				PRODUCT_BUNDLE_IDENTIFIER = www.yy.OCProjectUITests;
				PRODUCT_NAME = "$(TARGET_NAME)";
				SWIFT_EMIT_LOC_STRINGS = NO;
				TARGETED_DEVICE_FAMILY = "1,2";
				TEST_TARGET_NAME = OCProject;
			};
			name = Release;
		};
/* End XCBuildConfiguration section */

/* Begin XCConfigurationList section */
		F8EAC7E22B173504005522DE /* Build configuration list for PBXProject "OCProject" */ = {
			isa = XCConfigurationList;
			buildConfigurations = (
				F8EAC8142B173504005522DE /* Debug */,
				F8EAC8152B173504005522DE /* Release */,
			);
			defaultConfigurationIsVisible = 0;
			defaultConfigurationName = Release;
		};
		F8EAC8162B173504005522DE /* Build configuration list for PBXNativeTarget "OCProject" */ = {
			isa = XCConfigurationList;
			buildConfigurations = (
				F8EAC8172B173504005522DE /* Debug */,
				F8EAC8182B173504005522DE /* Release */,
			);
			defaultConfigurationIsVisible = 0;
			defaultConfigurationName = Release;
		};
		F8EAC8192B173504005522DE /* Build configuration list for PBXNativeTarget "OCProjectTests" */ = {
			isa = XCConfigurationList;
			buildConfigurations = (
				F8EAC81A2B173504005522DE /* Debug */,
				F8EAC81B2B173504005522DE /* Release */,
			);
			defaultConfigurationIsVisible = 0;
			defaultConfigurationName = Release;
		};
		F8EAC81C2B173504005522DE /* Build configuration list for PBXNativeTarget "OCProjectUITests" */ = {
			isa = XCConfigurationList;
			buildConfigurations = (
				F8EAC81D2B173504005522DE /* Debug */,
				F8EAC81E2B173504005522DE /* Release */,
			);
			defaultConfigurationIsVisible = 0;
			defaultConfigurationName = Release;
		};
/* End XCConfigurationList section */
	};
	rootObject = F8EAC7DF2B173504005522DE /* Project object */;
}
